
Microsoft Visual Studio Solution File, Format Version 12.00
# 
Project("{FAE04EC0-301F-11D3-BF4B-00C04F79EFBC}") = "mpp_proiectTransport_cs", "mpp_proiectTransport_cs\mpp_proiectTransport_cs.csproj", "{81D8BF0D-97A5-45F2-8FF1-3B20F7B0966B}"
EndProject
Project("{FAE04EC0-301F-11D3-BF4B-00C04F79EFBC}") = "mpp_proiectTransport_cs.Tests", "mpp_proiectTransport_cs.Tests\mpp_proiectTransport_cs.Tests.csproj", "{6EE8E580-75BD-4ABC-879C-2CB73480207C}"
EndProject
Global
	GlobalSection(SolutionConfigurationPlatforms) = preSolution
		Debug|Any CPU = Debug|Any CPU
		Release|Any CPU = Release|Any CPU
	EndGlobalSection
	GlobalSection(ProjectConfigurationPlatforms) = postSolution
		{81D8BF0D-97A5-45F2-8FF1-3B20F7B0966B}.Debug|Any CPU.ActiveCfg = Debug|Any CPU
		{81D8BF0D-97A5-45F2-8FF1-3B20F7B0966B}.Debug|Any CPU.Build.0 = Debug|Any CPU
		{81D8BF0D-97A5-45F2-8FF1-3B20F7B0966B}.Release|Any CPU.ActiveCfg = Release|Any CPU
		{81D8BF0D-97A5-45F2-8FF1-3B20F7B0966B}.Release|Any CPU.Build.0 = Release|Any CPU
		{6EE8E580-75BD-4ABC-879C-2CB73480207C}.Debug|Any CPU.ActiveCfg = Debug|Any CPU
		{6EE8E580-75BD-4ABC-879C-2CB73480207C}.Debug|Any CPU.Build.0 = Debug|Any CPU
		{6EE8E580-75BD-4ABC-879C-2CB73480207C}.Release|Any CPU.ActiveCfg = Release|Any CPU
		{6EE8E580-75BD-4ABC-879C-2CB73480207C}.Release|Any CPU.Build.0 = Release|Any CPU
	EndGlobalSection
EndGlobal
